PODS:
  - VietMap (1.1.0)
  - VietMapDirections.swift (2.0.1):
    - VietMapPolyline (~> 1.0.4)
  - VietMapPolyline (1.0.6)
  - VietMapSolar (1.0.3)
  - VietMapSpeech (2.0.1)
  - VietMapTurf (1.0.2)

DEPENDENCIES:
  - VietMap (~> 1.1.0)
  - VietMapDirections.swift (~> 2.0.1)
  - VietMapSolar (~> 1.0.3)
  - VietMapSpeech (~> 2.0.1)
  - VietMapTurf (~> 1.0.2)

SPEC REPOS:
  trunk:
    - VietMap
    - VietMapDirections.swift
    - VietMapPolyline
    - VietMapSolar
    - VietMapSpeech
    - VietMapTurf

SPEC CHECKSUMS:
  VietMap: 84bdb4bfea1fdf1824ca491e3624c63508edc9dc
  VietMapDirections.swift: d622c98e381281b39f7dcac2b0445ee2f6e1690e
  VietMapPolyline: e599c6d0a0a4b3672957881e2f666ba2141a4e83
  VietMapSolar: ef412e72efb00b700f2223e701cae66b446bf17b
  VietMapSpeech: fe5bd0c2ed2757aa7ac59337d74480e25e5a36ed
  VietMapTurf: 323ba165ae0aeb0fb6622d427e5341c14f4afada

PODFILE CHECKSUM: e4c6aeb2c93c39487b6d2edc4e8d08ca560763c1

COCOAPODS: 1.13.0
