PODS:
  - VietMapDirections.swift (2.0.1):
    - VietMapPolyline (~> 1.0.4)
  - VietMapPolyline (1.0.6)
  - VietMapSolar (1.0.3)
  - VietMapSpeech (2.0.1)
  - VietMapTurf (1.0.2)

DEPENDENCIES:
  - VietMapDirections.swift (~> 2.0.1)
  - VietMapSolar (~> 1.0.3)
  - VietMapSpeech (~> 2.0.1)
  - VietMapTurf (~> 1.0.2)

SPEC REPOS:
  trunk:
    - VietMapDirections.swift
    - VietMapPolyline
    - VietMapSolar
    - VietMapSpeech
    - VietMapTurf

SPEC CHECKSUMS:
  VietMapDirections.swift: d622c98e381281b39f7dcac2b0445ee2f6e1690e
  VietMapPolyline: e599c6d0a0a4b3672957881e2f666ba2141a4e83
  VietMapSolar: ef412e72efb00b700f2223e701cae66b446bf17b
  VietMapSpeech: fe5bd0c2ed2757aa7ac59337d74480e25e5a36ed
  VietMapTurf: 323ba165ae0aeb0fb6622d427e5341c14f4afada

PODFILE CHECKSUM: 6117ffeee0100552b7e700624dc8e3caca82c5e3

COCOAPODS: 1.15.2
