{
  "pins" : [
    {
      "identity" : "maps-sdk-ios",
      "kind" : "remoteSourceControl",
      "location" : "https://github.com/vietmap-company/maps-sdk-ios.git",
      "state" : {
        "revision" : "5fd666b2198af9a8ef2d0212c8e3deb9de2c9602",
        "version" : "2.0.1"
      }
    }
  ],
  "version" : 2
}
