{
  "pins" : [
    {
      "identity" : "maps-sdk-ios",
      "kind" : "remoteSourceControl",
      "location" : "https://github.com/vietmap-company/maps-sdk-ios.git",
      "state" : {
        "revision" : "ad3b4210ff68cf8ffa713ab06d6168ebf649b59e",
        "version" : "1.0.1"
      }
    }
  ],
  "version" : 2
}
