{
  "pins" : [
    {
      "identity" : "maps-sdk-ios",
      "kind" : "remoteSourceControl",
      "location" : "https://github.com/vietmap-company/maps-sdk-ios.git",
      "state" : {
        "revision" : "e20e461f553ebc0e4f7c2c9a50cf1f692b9c6f9b",
        "version" : "1.0.2"
      }
    }
  ],
  "version" : 2
}
